{
  "requires": true,
  "lockfileVersion": 1,
  "dependencies": {
    "bindings": {
      "version": "1.2.1",
      "resolved": "https://registry.npmjs.org/bindings/-/bindings-1.2.1.tgz",
      "integrity": "sha1-FK1hE4EtLTfXLme0ystLtyZQXxE="
    },
    "gps": {
      "version": "0.5.3",
      "resolved": "https://registry.npmjs.org/gps/-/gps-0.5.3.tgz",
      "integrity": "sha512-uwOKGF+8cF9L++7WTtBH7fM+WiyJKyOmgl3yw0E/xeTIklzK4Nssw+dC/6CrCcsrZrrDWl8Wt5GRrjqjygIGiQ=="
    },
    "nan": {
      "version": "2.14.0",
      "resolved": "https://registry.npmjs.org/nan/-/nan-2.14.0.tgz",
      "integrity": "sha512-INOFj37C7k3AfaNTtX8RhsTw7qRy7eLET14cROi9+5HAVbbHuIWUHEauBv5qT4Av2tWasiTY1Jw6puUNqRJXQg=="
    },
    "node-bluetooth": {
      "version": "1.2.6",
      "resolved": "https://registry.npmjs.org/node-bluetooth/-/node-bluetooth-1.2.6.tgz",
      "integrity": "sha512-UZzN9D44iqqm8uR4XlMAWykMte3ZNwBxrdoxPSw4GZrIwEOC9vylof5DSQKff/vMBNSNGDKHjugPkT18qj6WuQ==",
      "requires": {
        "bindings": "1.2.x",
        "nan": "^2.14.0"
      }
    }
  }
}
